
Microsoft Visual Studio Solution File, Format Version 12.00
# Visual Studio Version 16
VisualStudioVersion = 25.0.1703.5
MinimumVisualStudioVersion = 10.0.40219.1
Project("{FAE04EC0-301F-11D3-BF4B-00C04F79EFBC}") = "OneSignalApp.Sample", "OneSignalApp.Sample.csproj", "{2CE54D55-EE89-4C4A-B00F-F2FD0CC40325}"
EndProject
Project("{FAE04EC0-301F-11D3-BF4B-00C04F79EFBC}") = "OneSignalNotificationServiceExtension", "..\OneSignalNotificationServiceExtension\OneSignalNotificationServiceExtension.csproj", "{0C5C7BE9-1467-47BA-80D6-FA1CAF7285EA}"
EndProject
Global
	GlobalSection(SolutionConfigurationPlatforms) = preSolution
		Debug|Any CPU = Debug|Any CPU
		Release|Any CPU = Release|Any CPU
	EndGlobalSection
	GlobalSection(ProjectConfigurationPlatforms) = postSolution
		{2CE54D55-EE89-4C4A-B00F-F2FD0CC40325}.Debug|Any CPU.ActiveCfg = Debug|Any CPU
		{2CE54D55-EE89-4C4A-B00F-F2FD0CC40325}.Debug|Any CPU.Build.0 = Debug|Any CPU
		{2CE54D55-EE89-4C4A-B00F-F2FD0CC40325}.Release|Any CPU.ActiveCfg = Release|Any CPU
		{2CE54D55-EE89-4C4A-B00F-F2FD0CC40325}.Release|Any CPU.Build.0 = Release|Any CPU
		{0C5C7BE9-1467-47BA-80D6-FA1CAF7285EA}.Debug|Any CPU.ActiveCfg = Debug|Any CPU
		{0C5C7BE9-1467-47BA-80D6-FA1CAF7285EA}.Debug|Any CPU.Build.0 = Debug|Any CPU
		{0C5C7BE9-1467-47BA-80D6-FA1CAF7285EA}.Release|Any CPU.ActiveCfg = Release|Any CPU
		{0C5C7BE9-1467-47BA-80D6-FA1CAF7285EA}.Release|Any CPU.Build.0 = Release|Any CPU
	EndGlobalSection
	GlobalSection(SolutionProperties) = preSolution
		HideSolutionNode = FALSE
	EndGlobalSection
	GlobalSection(ExtensibilityGlobals) = postSolution
		SolutionGuid = {A79231D4-1F39-45A5-BBA3-790DFA221944}
	EndGlobalSection
EndGlobal
