// !$*UTF8*$!
{
	archiveVersion = 1;
	classes = {
	};
	objectVersion = 56;
	objects = {

/* Begin PBXBuildFile section */
		42624A0BDF3D05E789D9B6F3 /* Pods_example.framework in Frameworks */ = {isa = PBXBuildFile; fileRef = 8900E5FB28B1A744C246527D /* Pods_example.framework */; };
		47AEAFA0293807AC00FC88C0 /* exampleApp.swift in Sources */ = {isa = PBXBuildFile; fileRef = 47AEAF9F293807AC00FC88C0 /* exampleApp.swift */; };
		47AEAFA2293807AC00FC88C0 /* ContentView.swift in Sources */ = {isa = PBXBuildFile; fileRef = 47AEAFA1293807AC00FC88C0 /* ContentView.swift */; };
		47AEAFA4293807AE00FC88C0 /* Assets.xcassets in Resources */ = {isa = PBXBuildFile; fileRef = 47AEAFA3293807AE00FC88C0 /* Assets.xcassets */; };
		47AEAFA7293807AE00FC88C0 /* Preview Assets.xcassets in Resources */ = {isa = PBXBuildFile; fileRef = 47AEAFA6293807AE00FC88C0 /* Preview Assets.xcassets */; };
		47AEAFB52938096B00FC88C0 /* WidgetKit.framework in Frameworks */ = {isa = PBXBuildFile; fileRef = 47AEAFB42938096B00FC88C0 /* WidgetKit.framework */; };
		47AEAFB72938096B00FC88C0 /* SwiftUI.framework in Frameworks */ = {isa = PBXBuildFile; fileRef = 47AEAFB62938096B00FC88C0 /* SwiftUI.framework */; };
		47AEAFBA2938096B00FC88C0 /* ExampleWidgetBundle.swift in Sources */ = {isa = PBXBuildFile; fileRef = 47AEAFB92938096B00FC88C0 /* ExampleWidgetBundle.swift */; };
		47AEAFBC2938096B00FC88C0 /* ExampleWidgetLiveActivity.swift in Sources */ = {isa = PBXBuildFile; fileRef = 47AEAFBB2938096B00FC88C0 /* ExampleWidgetLiveActivity.swift */; };
		47AEAFC12938096D00FC88C0 /* Assets.xcassets in Resources */ = {isa = PBXBuildFile; fileRef = 47AEAFC02938096D00FC88C0 /* Assets.xcassets */; };
		47AEAFC72938096D00FC88C0 /* ExampleWidgetExtension.appex in Embed Foundation Extensions */ = {isa = PBXBuildFile; fileRef = 47AEAFB22938096B00FC88C0 /* ExampleWidgetExtension.appex */; settings = {ATTRIBUTES = (RemoveHeadersOnCopy, ); }; };
		5214571F93F7942BDA2B5808 /* Pods_ExampleWidgetExtension.framework in Frameworks */ = {isa = PBXBuildFile; fileRef = E9D2F7A4C1C5F482205EEFB8 /* Pods_ExampleWidgetExtension.framework */; };
/* End PBXBuildFile section */

/* Begin PBXContainerItemProxy section */
		47AEAFC52938096D00FC88C0 /* PBXContainerItemProxy */ = {
			isa = PBXContainerItemProxy;
			containerPortal = 47AEAF94293807AC00FC88C0 /* Project object */;
			proxyType = 1;
			remoteGlobalIDString = 47AEAFB12938096B00FC88C0;
			remoteInfo = ExampleWidgetExtension;
		};
/* End PBXContainerItemProxy section */

/* Begin PBXCopyFilesBuildPhase section */
		47AEAFCB2938096D00FC88C0 /* Embed Foundation Extensions */ = {
			isa = PBXCopyFilesBuildPhase;
			buildActionMask = 2147483647;
			dstPath = "";
			dstSubfolderSpec = 13;
			files = (
				47AEAFC72938096D00FC88C0 /* ExampleWidgetExtension.appex in Embed Foundation Extensions */,
			);
			name = "Embed Foundation Extensions";
			runOnlyForDeploymentPostprocessing = 0;
		};
		47AEAFDE29380A8A00FC88C0 /* Embed Frameworks */ = {
			isa = PBXCopyFilesBuildPhase;
			buildActionMask = 2147483647;
			dstPath = "";
			dstSubfolderSpec = 10;
			files = (
			);
			name = "Embed Frameworks";
			runOnlyForDeploymentPostprocessing = 0;
		};
/* End PBXCopyFilesBuildPhase section */

/* Begin PBXFileReference section */
		02573970E552CBE1D54F46AC /* Pods-ExampleWidgetExtension.debug.xcconfig */ = {isa = PBXFileReference; includeInIndex = 1; lastKnownFileType = text.xcconfig; name = "Pods-ExampleWidgetExtension.debug.xcconfig"; path = "Target Support Files/Pods-ExampleWidgetExtension/Pods-ExampleWidgetExtension.debug.xcconfig"; sourceTree = "<group>"; };
		0F8C54797047F2DFC3230AB2 /* Pods-ExampleWidgetExtension.release.xcconfig */ = {isa = PBXFileReference; includeInIndex = 1; lastKnownFileType = text.xcconfig; name = "Pods-ExampleWidgetExtension.release.xcconfig"; path = "Target Support Files/Pods-ExampleWidgetExtension/Pods-ExampleWidgetExtension.release.xcconfig"; sourceTree = "<group>"; };
		21C9EC0EDF91885B066E8DFC /* Pods-OneSignalLiveActivity.debug.xcconfig */ = {isa = PBXFileReference; includeInIndex = 1; lastKnownFileType = text.xcconfig; name = "Pods-OneSignalLiveActivity.debug.xcconfig"; path = "Target Support Files/Pods-OneSignalLiveActivity/Pods-OneSignalLiveActivity.debug.xcconfig"; sourceTree = "<group>"; };
		335459924BABC24B495FD2C3 /* Pods-OneSignalLiveActivity.release.xcconfig */ = {isa = PBXFileReference; includeInIndex = 1; lastKnownFileType = text.xcconfig; name = "Pods-OneSignalLiveActivity.release.xcconfig"; path = "Target Support Files/Pods-OneSignalLiveActivity/Pods-OneSignalLiveActivity.release.xcconfig"; sourceTree = "<group>"; };
		47AEAF9C293807AC00FC88C0 /* example.app */ = {isa = PBXFileReference; explicitFileType = wrapper.application; includeInIndex = 0; path = example.app; sourceTree = BUILT_PRODUCTS_DIR; };
		47AEAF9F293807AC00FC88C0 /* exampleApp.swift */ = {isa = PBXFileReference; lastKnownFileType = sourcecode.swift; path = exampleApp.swift; sourceTree = "<group>"; };
		47AEAFA1293807AC00FC88C0 /* ContentView.swift */ = {isa = PBXFileReference; lastKnownFileType = sourcecode.swift; path = ContentView.swift; sourceTree = "<group>"; };
		47AEAFA3293807AE00FC88C0 /* Assets.xcassets */ = {isa = PBXFileReference; lastKnownFileType = folder.assetcatalog; path = Assets.xcassets; sourceTree = "<group>"; };
		47AEAFA6293807AE00FC88C0 /* Preview Assets.xcassets */ = {isa = PBXFileReference; lastKnownFileType = folder.assetcatalog; path = "Preview Assets.xcassets"; sourceTree = "<group>"; };
		47AEAFAD293808CD00FC88C0 /* example.entitlements */ = {isa = PBXFileReference; lastKnownFileType = text.plist.entitlements; path = example.entitlements; sourceTree = "<group>"; };
		47AEAFB22938096B00FC88C0 /* ExampleWidgetExtension.appex */ = {isa = PBXFileReference; explicitFileType = "wrapper.app-extension"; includeInIndex = 0; path = ExampleWidgetExtension.appex; sourceTree = BUILT_PRODUCTS_DIR; };
		47AEAFB42938096B00FC88C0 /* WidgetKit.framework */ = {isa = PBXFileReference; lastKnownFileType = wrapper.framework; name = WidgetKit.framework; path = System/Library/Frameworks/WidgetKit.framework; sourceTree = SDKROOT; };
		47AEAFB62938096B00FC88C0 /* SwiftUI.framework */ = {isa = PBXFileReference; lastKnownFileType = wrapper.framework; name = SwiftUI.framework; path = System/Library/Frameworks/SwiftUI.framework; sourceTree = SDKROOT; };
		47AEAFB92938096B00FC88C0 /* ExampleWidgetBundle.swift */ = {isa = PBXFileReference; lastKnownFileType = sourcecode.swift; path = ExampleWidgetBundle.swift; sourceTree = "<group>"; };
		47AEAFBB2938096B00FC88C0 /* ExampleWidgetLiveActivity.swift */ = {isa = PBXFileReference; lastKnownFileType = sourcecode.swift; path = ExampleWidgetLiveActivity.swift; sourceTree = "<group>"; };
		47AEAFC02938096D00FC88C0 /* Assets.xcassets */ = {isa = PBXFileReference; lastKnownFileType = folder.assetcatalog; path = Assets.xcassets; sourceTree = "<group>"; };
		47AEAFC22938096D00FC88C0 /* Info.plist */ = {isa = PBXFileReference; lastKnownFileType = text.plist.xml; path = Info.plist; sourceTree = "<group>"; };
		70A84A41FED0F973C03968C6 /* Pods-example.debug.xcconfig */ = {isa = PBXFileReference; includeInIndex = 1; lastKnownFileType = text.xcconfig; name = "Pods-example.debug.xcconfig"; path = "Target Support Files/Pods-example/Pods-example.debug.xcconfig"; sourceTree = "<group>"; };
		8900E5FB28B1A744C246527D /* Pods_example.framework */ = {isa = PBXFileReference; explicitFileType = wrapper.framework; includeInIndex = 0; path = Pods_example.framework; sourceTree = BUILT_PRODUCTS_DIR; };
		B8110CA04C66FED5CD7AAD3E /* Pods-example.release.xcconfig */ = {isa = PBXFileReference; includeInIndex = 1; lastKnownFileType = text.xcconfig; name = "Pods-example.release.xcconfig"; path = "Target Support Files/Pods-example/Pods-example.release.xcconfig"; sourceTree = "<group>"; };
		BF94F6EA876276FDEB035680 /* Pods-ExampleWidgetExtension.debug.xcconfig */ = {isa = PBXFileReference; includeInIndex = 1; lastKnownFileType = text.xcconfig; name = "Pods-ExampleWidgetExtension.debug.xcconfig"; path = "Target Support Files/Pods-ExampleWidgetExtension/Pods-ExampleWidgetExtension.debug.xcconfig"; sourceTree = "<group>"; };
		E9D2F7A4C1C5F482205EEFB8 /* Pods_ExampleWidgetExtension.framework */ = {isa = PBXFileReference; explicitFileType = wrapper.framework; includeInIndex = 0; path = Pods_ExampleWidgetExtension.framework; sourceTree = BUILT_PRODUCTS_DIR; };
		EFE0B72D810DE4A9ABE73F32 /* Pods_OneSignalLiveActivity.framework */ = {isa = PBXFileReference; explicitFileType = wrapper.framework; includeInIndex = 0; path = Pods_OneSignalLiveActivity.framework; sourceTree = BUILT_PRODUCTS_DIR; };
		FA1876BEBCDF37BAFC684CD9 /* Pods-ExampleWidgetExtension.release.xcconfig */ = {isa = PBXFileReference; includeInIndex = 1; lastKnownFileType = text.xcconfig; name = "Pods-ExampleWidgetExtension.release.xcconfig"; path = "Target Support Files/Pods-ExampleWidgetExtension/Pods-ExampleWidgetExtension.release.xcconfig"; sourceTree = "<group>"; };
/* End PBXFileReference section */

/* Begin PBXFrameworksBuildPhase section */
		47AEAF99293807AC00FC88C0 /* Frameworks */ = {
			isa = PBXFrameworksBuildPhase;
			buildActionMask = 2147483647;
			files = (
				42624A0BDF3D05E789D9B6F3 /* Pods_example.framework in Frameworks */,
			);
			runOnlyForDeploymentPostprocessing = 0;
		};
		47AEAFAF2938096B00FC88C0 /* Frameworks */ = {
			isa = PBXFrameworksBuildPhase;
			buildActionMask = 2147483647;
			files = (
				47AEAFB72938096B00FC88C0 /* SwiftUI.framework in Frameworks */,
				47AEAFB52938096B00FC88C0 /* WidgetKit.framework in Frameworks */,
				5214571F93F7942BDA2B5808 /* Pods_ExampleWidgetExtension.framework in Frameworks */,
			);
			runOnlyForDeploymentPostprocessing = 0;
		};
/* End PBXFrameworksBuildPhase section */

/* Begin PBXGroup section */
		47AEAF93293807AC00FC88C0 = {
			isa = PBXGroup;
			children = (
				47AEAF9E293807AC00FC88C0 /* example */,
				47AEAFB82938096B00FC88C0 /* ExampleWidget */,
				47AEAFB32938096B00FC88C0 /* Frameworks */,
				47AEAF9D293807AC00FC88C0 /* Products */,
				B8EA323EB33EF58A793E189F /* Pods */,
			);
			sourceTree = "<group>";
		};
		47AEAF9D293807AC00FC88C0 /* Products */ = {
			isa = PBXGroup;
			children = (
				47AEAF9C293807AC00FC88C0 /* example.app */,
				47AEAFB22938096B00FC88C0 /* ExampleWidgetExtension.appex */,
			);
			name = Products;
			sourceTree = "<group>";
		};
		47AEAF9E293807AC00FC88C0 /* example */ = {
			isa = PBXGroup;
			children = (
				47AEAFAD293808CD00FC88C0 /* example.entitlements */,
				47AEAF9F293807AC00FC88C0 /* exampleApp.swift */,
				47AEAFA1293807AC00FC88C0 /* ContentView.swift */,
				47AEAFA3293807AE00FC88C0 /* Assets.xcassets */,
				47AEAFA5293807AE00FC88C0 /* Preview Content */,
			);
			path = example;
			sourceTree = "<group>";
		};
		47AEAFA5293807AE00FC88C0 /* Preview Content */ = {
			isa = PBXGroup;
			children = (
				47AEAFA6293807AE00FC88C0 /* Preview Assets.xcassets */,
			);
			path = "Preview Content";
			sourceTree = "<group>";
		};
		47AEAFB32938096B00FC88C0 /* Frameworks */ = {
			isa = PBXGroup;
			children = (
				47AEAFB42938096B00FC88C0 /* WidgetKit.framework */,
				47AEAFB62938096B00FC88C0 /* SwiftUI.framework */,
				EFE0B72D810DE4A9ABE73F32 /* Pods_OneSignalLiveActivity.framework */,
				8900E5FB28B1A744C246527D /* Pods_example.framework */,
				E9D2F7A4C1C5F482205EEFB8 /* Pods_ExampleWidgetExtension.framework */,
			);
			name = Frameworks;
			sourceTree = "<group>";
		};
		47AEAFB82938096B00FC88C0 /* ExampleWidget */ = {
			isa = PBXGroup;
			children = (
				47AEAFB92938096B00FC88C0 /* ExampleWidgetBundle.swift */,
				47AEAFBB2938096B00FC88C0 /* ExampleWidgetLiveActivity.swift */,
				47AEAFC02938096D00FC88C0 /* Assets.xcassets */,
				47AEAFC22938096D00FC88C0 /* Info.plist */,
			);
			path = ExampleWidget;
			sourceTree = "<group>";
		};
		B8EA323EB33EF58A793E189F /* Pods */ = {
			isa = PBXGroup;
			children = (
				21C9EC0EDF91885B066E8DFC /* Pods-OneSignalLiveActivity.debug.xcconfig */,
				335459924BABC24B495FD2C3 /* Pods-OneSignalLiveActivity.release.xcconfig */,
				02573970E552CBE1D54F46AC /* Pods-ExampleWidgetExtension.debug.xcconfig */,
				0F8C54797047F2DFC3230AB2 /* Pods-ExampleWidgetExtension.release.xcconfig */,
				70A84A41FED0F973C03968C6 /* Pods-example.debug.xcconfig */,
				B8110CA04C66FED5CD7AAD3E /* Pods-example.release.xcconfig */,
				BF94F6EA876276FDEB035680 /* Pods-ExampleWidgetExtension.debug.xcconfig */,
				FA1876BEBCDF37BAFC684CD9 /* Pods-ExampleWidgetExtension.release.xcconfig */,
			);
			path = Pods;
			sourceTree = "<group>";
		};
/* End PBXGroup section */

/* Begin PBXNativeTarget section */
		47AEAF9B293807AC00FC88C0 /* example */ = {
			isa = PBXNativeTarget;
			buildConfigurationList = 47AEAFAA293807AE00FC88C0 /* Build configuration list for PBXNativeTarget "example" */;
			buildPhases = (
				33573D665A36A6BF410E87E5 /* [CP] Check Pods Manifest.lock */,
				47AEAF98293807AC00FC88C0 /* Sources */,
				47AEAF99293807AC00FC88C0 /* Frameworks */,
				47AEAF9A293807AC00FC88C0 /* Resources */,
				47AEAFCB2938096D00FC88C0 /* Embed Foundation Extensions */,
				54C1C4F167835B06A8B35BA0 /* [CP] Embed Pods Frameworks */,
			);
			buildRules = (
			);
			dependencies = (
				47AEAFC62938096D00FC88C0 /* PBXTargetDependency */,
			);
			name = example;
			productName = example;
			productReference = 47AEAF9C293807AC00FC88C0 /* example.app */;
			productType = "com.apple.product-type.application";
		};
		47AEAFB12938096B00FC88C0 /* ExampleWidgetExtension */ = {
			isa = PBXNativeTarget;
			buildConfigurationList = 47AEAFC82938096D00FC88C0 /* Build configuration list for PBXNativeTarget "ExampleWidgetExtension" */;
			buildPhases = (
				B5BB8AD0B7E2B460D15C1969 /* [CP] Check Pods Manifest.lock */,
				47AEAFAE2938096B00FC88C0 /* Sources */,
				47AEAFAF2938096B00FC88C0 /* Frameworks */,
				47AEAFB02938096B00FC88C0 /* Resources */,
				47AEAFDE29380A8A00FC88C0 /* Embed Frameworks */,
			);
			buildRules = (
			);
			dependencies = (
			);
			name = ExampleWidgetExtension;
			productName = ExampleWidgetExtension;
			productReference = 47AEAFB22938096B00FC88C0 /* ExampleWidgetExtension.appex */;
			productType = "com.apple.product-type.app-extension";
		};
/* End PBXNativeTarget section */

/* Begin PBXProject section */
		47AEAF94293807AC00FC88C0 /* Project object */ = {
			isa = PBXProject;
			attributes = {
				BuildIndependentTargetsInParallel = 1;
				LastSwiftUpdateCheck = 1410;
				LastUpgradeCheck = 1410;
				TargetAttributes = {
					47AEAF9B293807AC00FC88C0 = {
						CreatedOnToolsVersion = 14.1;
					};
					47AEAFB12938096B00FC88C0 = {
						CreatedOnToolsVersion = 14.1;
					};
				};
			};
			buildConfigurationList = 47AEAF97293807AC00FC88C0 /* Build configuration list for PBXProject "example" */;
			compatibilityVersion = "Xcode 14.0";
			developmentRegion = en;
			hasScannedForEncodings = 0;
			knownRegions = (
				en,
				Base,
			);
			mainGroup = 47AEAF93293807AC00FC88C0;
			productRefGroup = 47AEAF9D293807AC00FC88C0 /* Products */;
			projectDirPath = "";
			projectRoot = "";
			targets = (
				47AEAF9B293807AC00FC88C0 /* example */,
				47AEAFB12938096B00FC88C0 /* ExampleWidgetExtension */,
			);
		};
/* End PBXProject section */

/* Begin PBXResourcesBuildPhase section */
		47AEAF9A293807AC00FC88C0 /* Resources */ = {
			isa = PBXResourcesBuildPhase;
			buildActionMask = 2147483647;
			files = (
				47AEAFA7293807AE00FC88C0 /* Preview Assets.xcassets in Resources */,
				47AEAFA4293807AE00FC88C0 /* Assets.xcassets in Resources */,
			);
			runOnlyForDeploymentPostprocessing = 0;
		};
		47AEAFB02938096B00FC88C0 /* Resources */ = {
			isa = PBXResourcesBuildPhase;
			buildActionMask = 2147483647;
			files = (
				47AEAFC12938096D00FC88C0 /* Assets.xcassets in Resources */,
			);
			runOnlyForDeploymentPostprocessing = 0;
		};
/* End PBXResourcesBuildPhase section */

/* Begin PBXShellScriptBuildPhase section */
		33573D665A36A6BF410E87E5 /* [CP] Check Pods Manifest.lock */ = {
			isa = PBXShellScriptBuildPhase;
			buildActionMask = 2147483647;
			files = (
			);
			inputFileListPaths = (
			);
			inputPaths = (
				"${PODS_PODFILE_DIR_PATH}/Podfile.lock",
				"${PODS_ROOT}/Manifest.lock",
			);
			name = "[CP] Check Pods Manifest.lock";
			outputFileListPaths = (
			);
			outputPaths = (
				"$(DERIVED_FILE_DIR)/Pods-example-checkManifestLockResult.txt",
			);
			runOnlyForDeploymentPostprocessing = 0;
			shellPath = /bin/sh;
			shellScript = "diff \"${PODS_PODFILE_DIR_PATH}/Podfile.lock\" \"${PODS_ROOT}/Manifest.lock\" > /dev/null\nif [ $? != 0 ] ; then\n    # print error to STDERR\n    echo \"error: The sandbox is not in sync with the Podfile.lock. Run 'pod install' or update your CocoaPods installation.\" >&2\n    exit 1\nfi\n# This output is used by Xcode 'outputs' to avoid re-running this script phase.\necho \"SUCCESS\" > \"${SCRIPT_OUTPUT_FILE_0}\"\n";
			showEnvVarsInLog = 0;
		};
		54C1C4F167835B06A8B35BA0 /* [CP] Embed Pods Frameworks */ = {
			isa = PBXShellScriptBuildPhase;
			buildActionMask = 2147483647;
			files = (
			);
			inputFileListPaths = (
				"${PODS_ROOT}/Target Support Files/Pods-example/Pods-example-frameworks-${CONFIGURATION}-input-files.xcfilelist",
			);
			name = "[CP] Embed Pods Frameworks";
			outputFileListPaths = (
				"${PODS_ROOT}/Target Support Files/Pods-example/Pods-example-frameworks-${CONFIGURATION}-output-files.xcfilelist",
			);
			runOnlyForDeploymentPostprocessing = 0;
			shellPath = /bin/sh;
			shellScript = "\"${PODS_ROOT}/Target Support Files/Pods-example/Pods-example-frameworks.sh\"\n";
			showEnvVarsInLog = 0;
		};
		B5BB8AD0B7E2B460D15C1969 /* [CP] Check Pods Manifest.lock */ = {
			isa = PBXShellScriptBuildPhase;
			buildActionMask = 2147483647;
			files = (
			);
			inputFileListPaths = (
			);
			inputPaths = (
				"${PODS_PODFILE_DIR_PATH}/Podfile.lock",
				"${PODS_ROOT}/Manifest.lock",
			);
			name = "[CP] Check Pods Manifest.lock";
			outputFileListPaths = (
			);
			outputPaths = (
				"$(DERIVED_FILE_DIR)/Pods-ExampleWidgetExtension-checkManifestLockResult.txt",
			);
			runOnlyForDeploymentPostprocessing = 0;
			shellPath = /bin/sh;
			shellScript = "diff \"${PODS_PODFILE_DIR_PATH}/Podfile.lock\" \"${PODS_ROOT}/Manifest.lock\" > /dev/null\nif [ $? != 0 ] ; then\n    # print error to STDERR\n    echo \"error: The sandbox is not in sync with the Podfile.lock. Run 'pod install' or update your CocoaPods installation.\" >&2\n    exit 1\nfi\n# This output is used by Xcode 'outputs' to avoid re-running this script phase.\necho \"SUCCESS\" > \"${SCRIPT_OUTPUT_FILE_0}\"\n";
			showEnvVarsInLog = 0;
		};
/* End PBXShellScriptBuildPhase section */

/* Begin PBXSourcesBuildPhase section */
		47AEAF98293807AC00FC88C0 /* Sources */ = {
			isa = PBXSourcesBuildPhase;
			buildActionMask = 2147483647;
			files = (
				47AEAFA2293807AC00FC88C0 /* ContentView.swift in Sources */,
				47AEAFA0293807AC00FC88C0 /* exampleApp.swift in Sources */,
			);
			runOnlyForDeploymentPostprocessing = 0;
		};
		47AEAFAE2938096B00FC88C0 /* Sources */ = {
			isa = PBXSourcesBuildPhase;
			buildActionMask = 2147483647;
			files = (
				47AEAFBA2938096B00FC88C0 /* ExampleWidgetBundle.swift in Sources */,
				47AEAFBC2938096B00FC88C0 /* ExampleWidgetLiveActivity.swift in Sources */,
			);
			runOnlyForDeploymentPostprocessing = 0;
		};
/* End PBXSourcesBuildPhase section */

/* Begin PBXTargetDependency section */
		47AEAFC62938096D00FC88C0 /* PBXTargetDependency */ = {
			isa = PBXTargetDependency;
			target = 47AEAFB12938096B00FC88C0 /* ExampleWidgetExtension */;
			targetProxy = 47AEAFC52938096D00FC88C0 /* PBXContainerItemProxy */;
		};
/* End PBXTargetDependency section */

/* Begin XCBuildConfiguration section */
		47AEAFA8293807AE00FC88C0 /* Debug */ = {
			isa = XCBuildConfiguration;
			buildSettings = {
				ALWAYS_SEARCH_USER_PATHS = NO;
				CLANG_ANALYZER_NONNULL = YES;
				CLANG_ANALYZER_NUMBER_OBJECT_CONVERSION = YES_AGGRESSIVE;
				CLANG_CXX_LANGUAGE_STANDARD = "gnu++20";
				CLANG_ENABLE_MODULES = YES;
				CLANG_ENABLE_OBJC_ARC = YES;
				CLANG_ENABLE_OBJC_WEAK = YES;
				CLANG_WARN_BLOCK_CAPTURE_AUTORELEASING = YES;
				CLANG_WARN_BOOL_CONVERSION = YES;
				CLANG_WARN_COMMA = YES;
				CLANG_WARN_CONSTANT_CONVERSION = YES;
				CLANG_WARN_DEPRECATED_OBJC_IMPLEMENTATIONS = YES;
				CLANG_WARN_DIRECT_OBJC_ISA_USAGE = YES_ERROR;
				CLANG_WARN_DOCUMENTATION_COMMENTS = YES;
				CLANG_WARN_EMPTY_BODY = YES;
				CLANG_WARN_ENUM_CONVERSION = YES;
				CLANG_WARN_INFINITE_RECURSION = YES;
				CLANG_WARN_INT_CONVERSION = YES;
				CLANG_WARN_NON_LITERAL_NULL_CONVERSION = YES;
				CLANG_WARN_OBJC_IMPLICIT_RETAIN_SELF = YES;
				CLANG_WARN_OBJC_LITERAL_CONVERSION = YES;
				CLANG_WARN_OBJC_ROOT_CLASS = YES_ERROR;
				CLANG_WARN_QUOTED_INCLUDE_IN_FRAMEWORK_HEADER = YES;
				CLANG_WARN_RANGE_LOOP_ANALYSIS = YES;
				CLANG_WARN_STRICT_PROTOTYPES = YES;
				CLANG_WARN_SUSPICIOUS_MOVE = YES;
				CLANG_WARN_UNGUARDED_AVAILABILITY = YES_AGGRESSIVE;
				CLANG_WARN_UNREACHABLE_CODE = YES;
				CLANG_WARN__DUPLICATE_METHOD_MATCH = YES;
				COPY_PHASE_STRIP = NO;
				DEBUG_INFORMATION_FORMAT = dwarf;
				ENABLE_STRICT_OBJC_MSGSEND = YES;
				ENABLE_TESTABILITY = YES;
				GCC_C_LANGUAGE_STANDARD = gnu11;
				GCC_DYNAMIC_NO_PIC = NO;
				GCC_NO_COMMON_BLOCKS = YES;
				GCC_OPTIMIZATION_LEVEL = 0;
				GCC_PREPROCESSOR_DEFINITIONS = (
					"DEBUG=1",
					"$(inherited)",
				);
				GCC_WARN_64_TO_32_BIT_CONVERSION = YES;
				GCC_WARN_ABOUT_RETURN_TYPE = YES_ERROR;
				GCC_WARN_UNDECLARED_SELECTOR = YES;
				GCC_WARN_UNINITIALIZED_AUTOS = YES_AGGRESSIVE;
				GCC_WARN_UNUSED_FUNCTION = YES;
				GCC_WARN_UNUSED_VARIABLE = YES;
				IPHONEOS_DEPLOYMENT_TARGET = 16.1;
				MTL_ENABLE_DEBUG_INFO = INCLUDE_SOURCE;
				MTL_FAST_MATH = YES;
				ONLY_ACTIVE_ARCH = YES;
				SDKROOT = iphoneos;
				SWIFT_ACTIVE_COMPILATION_CONDITIONS = DEBUG;
				SWIFT_OPTIMIZATION_LEVEL = "-Onone";
			};
			name = Debug;
		};
		47AEAFA9293807AE00FC88C0 /* Release */ = {
			isa = XCBuildConfiguration;
			buildSettings = {
				ALWAYS_SEARCH_USER_PATHS = NO;
				CLANG_ANALYZER_NONNULL = YES;
				CLANG_ANALYZER_NUMBER_OBJECT_CONVERSION = YES_AGGRESSIVE;
				CLANG_CXX_LANGUAGE_STANDARD = "gnu++20";
				CLANG_ENABLE_MODULES = YES;
				CLANG_ENABLE_OBJC_ARC = YES;
				CLANG_ENABLE_OBJC_WEAK = YES;
				CLANG_WARN_BLOCK_CAPTURE_AUTORELEASING = YES;
				CLANG_WARN_BOOL_CONVERSION = YES;
				CLANG_WARN_COMMA = YES;
				CLANG_WARN_CONSTANT_CONVERSION = YES;
				CLANG_WARN_DEPRECATED_OBJC_IMPLEMENTATIONS = YES;
				CLANG_WARN_DIRECT_OBJC_ISA_USAGE = YES_ERROR;
				CLANG_WARN_DOCUMENTATION_COMMENTS = YES;
				CLANG_WARN_EMPTY_BODY = YES;
				CLANG_WARN_ENUM_CONVERSION = YES;
				CLANG_WARN_INFINITE_RECURSION = YES;
				CLANG_WARN_INT_CONVERSION = YES;
				CLANG_WARN_NON_LITERAL_NULL_CONVERSION = YES;
				CLANG_WARN_OBJC_IMPLICIT_RETAIN_SELF = YES;
				CLANG_WARN_OBJC_LITERAL_CONVERSION = YES;
				CLANG_WARN_OBJC_ROOT_CLASS = YES_ERROR;
				CLANG_WARN_QUOTED_INCLUDE_IN_FRAMEWORK_HEADER = YES;
				CLANG_WARN_RANGE_LOOP_ANALYSIS = YES;
				CLANG_WARN_STRICT_PROTOTYPES = YES;
				CLANG_WARN_SUSPICIOUS_MOVE = YES;
				CLANG_WARN_UNGUARDED_AVAILABILITY = YES_AGGRESSIVE;
				CLANG_WARN_UNREACHABLE_CODE = YES;
				CLANG_WARN__DUPLICATE_METHOD_MATCH = YES;
				COPY_PHASE_STRIP = NO;
				DEBUG_INFORMATION_FORMAT = "dwarf-with-dsym";
				ENABLE_NS_ASSERTIONS = NO;
				ENABLE_STRICT_OBJC_MSGSEND = YES;
				GCC_C_LANGUAGE_STANDARD = gnu11;
				GCC_NO_COMMON_BLOCKS = YES;
				GCC_WARN_64_TO_32_BIT_CONVERSION = YES;
				GCC_WARN_ABOUT_RETURN_TYPE = YES_ERROR;
				GCC_WARN_UNDECLARED_SELECTOR = YES;
				GCC_WARN_UNINITIALIZED_AUTOS = YES_AGGRESSIVE;
				GCC_WARN_UNUSED_FUNCTION = YES;
				GCC_WARN_UNUSED_VARIABLE = YES;
				IPHONEOS_DEPLOYMENT_TARGET = 16.1;
				MTL_ENABLE_DEBUG_INFO = NO;
				MTL_FAST_MATH = YES;
				SDKROOT = iphoneos;
				SWIFT_COMPILATION_MODE = wholemodule;
				SWIFT_OPTIMIZATION_LEVEL = "-O";
				VALIDATE_PRODUCT = YES;
			};
			name = Release;
		};
		47AEAFAB293807AE00FC88C0 /* Debug */ = {
			isa = XCBuildConfiguration;
			baseConfigurationReference = 70A84A41FED0F973C03968C6 /* Pods-example.debug.xcconfig */;
			buildSettings = {
				ALWAYS_EMBED_SWIFT_STANDARD_LIBRARIES = YES;
				ASSETCATALOG_COMPILER_APPICON_NAME = AppIcon;
				ASSETCATALOG_COMPILER_GLOBAL_ACCENT_COLOR_NAME = AccentColor;
				CODE_SIGN_ENTITLEMENTS = example/example.entitlements;
				CODE_SIGN_IDENTITY = "Apple Development";
				CODE_SIGN_STYLE = Automatic;
				CURRENT_PROJECT_VERSION = 1;
				DEVELOPMENT_ASSET_PATHS = "\"example/Preview Content\"";
				DEVELOPMENT_TEAM = J3J28YJX9L;
				ENABLE_PREVIEWS = YES;
				GENERATE_INFOPLIST_FILE = YES;
				INFOPLIST_KEY_UIApplicationSceneManifest_Generation = YES;
				INFOPLIST_KEY_UIApplicationSupportsIndirectInputEvents = YES;
				INFOPLIST_KEY_UILaunchScreen_Generation = YES;
				INFOPLIST_KEY_UISupportedInterfaceOrientations_iPad = "UIInterfaceOrientationPortrait UIInterfaceOrientationPortraitUpsideDown UIInterfaceOrientationLandscapeLeft UIInterfaceOrientationLandscapeRight";
				INFOPLIST_KEY_UISupportedInterfaceOrientations_iPhone = "UIInterfaceOrientationPortrait UIInterfaceOrientationLandscapeLeft UIInterfaceOrientationLandscapeRight";
				LD_RUNPATH_SEARCH_PATHS = (
					"$(inherited)",
					"@executable_path/Frameworks",
				);
				MARKETING_VERSION = 1.0;
				PRODUCT_BUNDLE_IDENTIFIER = com.onesignal.exampledotnet;
				PRODUCT_NAME = "$(TARGET_NAME)";
				PROVISIONING_PROFILE_SPECIFIER = "";
				SWIFT_EMIT_LOC_STRINGS = YES;
				SWIFT_VERSION = 5.0;
				TARGETED_DEVICE_FAMILY = "1,2";
			};
			name = Debug;
		};
		47AEAFAC293807AE00FC88C0 /* Release */ = {
			isa = XCBuildConfiguration;
			baseConfigurationReference = B8110CA04C66FED5CD7AAD3E /* Pods-example.release.xcconfig */;
			buildSettings = {
				ALWAYS_EMBED_SWIFT_STANDARD_LIBRARIES = YES;
				ASSETCATALOG_COMPILER_APPICON_NAME = AppIcon;
				ASSETCATALOG_COMPILER_GLOBAL_ACCENT_COLOR_NAME = AccentColor;
				CODE_SIGN_ENTITLEMENTS = example/example.entitlements;
				CODE_SIGN_IDENTITY = "Apple Development";
				CODE_SIGN_STYLE = Automatic;
				CURRENT_PROJECT_VERSION = 1;
				DEVELOPMENT_ASSET_PATHS = "\"example/Preview Content\"";
				DEVELOPMENT_TEAM = J3J28YJX9L;
				ENABLE_PREVIEWS = YES;
				GENERATE_INFOPLIST_FILE = YES;
				INFOPLIST_KEY_UIApplicationSceneManifest_Generation = YES;
				INFOPLIST_KEY_UIApplicationSupportsIndirectInputEvents = YES;
				INFOPLIST_KEY_UILaunchScreen_Generation = YES;
				INFOPLIST_KEY_UISupportedInterfaceOrientations_iPad = "UIInterfaceOrientationPortrait UIInterfaceOrientationPortraitUpsideDown UIInterfaceOrientationLandscapeLeft UIInterfaceOrientationLandscapeRight";
				INFOPLIST_KEY_UISupportedInterfaceOrientations_iPhone = "UIInterfaceOrientationPortrait UIInterfaceOrientationLandscapeLeft UIInterfaceOrientationLandscapeRight";
				LD_RUNPATH_SEARCH_PATHS = (
					"$(inherited)",
					"@executable_path/Frameworks",
				);
				MARKETING_VERSION = 1.0;
				PRODUCT_BUNDLE_IDENTIFIER = com.onesignal.exampledotnet;
				PRODUCT_NAME = "$(TARGET_NAME)";
				PROVISIONING_PROFILE_SPECIFIER = "";
				SWIFT_EMIT_LOC_STRINGS = YES;
				SWIFT_VERSION = 5.0;
				TARGETED_DEVICE_FAMILY = "1,2";
			};
			name = Release;
		};
		47AEAFC92938096D00FC88C0 /* Debug */ = {
			isa = XCBuildConfiguration;
			baseConfigurationReference = BF94F6EA876276FDEB035680 /* Pods-ExampleWidgetExtension.debug.xcconfig */;
			buildSettings = {
				ASSETCATALOG_COMPILER_GLOBAL_ACCENT_COLOR_NAME = AccentColor;
				ASSETCATALOG_COMPILER_WIDGET_BACKGROUND_COLOR_NAME = WidgetBackground;
				CODE_SIGN_IDENTITY = "Apple Development";
				CODE_SIGN_STYLE = Automatic;
				CURRENT_PROJECT_VERSION = 1;
				DEVELOPMENT_TEAM = J3J28YJX9L;
				GENERATE_INFOPLIST_FILE = YES;
				INFOPLIST_FILE = ExampleWidget/Info.plist;
				INFOPLIST_KEY_CFBundleDisplayName = ExampleWidget;
				INFOPLIST_KEY_NSHumanReadableCopyright = "";
				LD_RUNPATH_SEARCH_PATHS = (
					"$(inherited)",
					"@executable_path/Frameworks",
					"@executable_path/../../Frameworks",
				);
				MARKETING_VERSION = 1.0;
				PRODUCT_BUNDLE_IDENTIFIER = com.onesignal.exampledotnet.ExampleWidget;
				PRODUCT_NAME = "$(TARGET_NAME)";
				PROVISIONING_PROFILE_SPECIFIER = "";
				SKIP_INSTALL = YES;
				SWIFT_EMIT_LOC_STRINGS = YES;
				SWIFT_VERSION = 5.0;
				TARGETED_DEVICE_FAMILY = "1,2";
			};
			name = Debug;
		};
		47AEAFCA2938096D00FC88C0 /* Release */ = {
			isa = XCBuildConfiguration;
			baseConfigurationReference = FA1876BEBCDF37BAFC684CD9 /* Pods-ExampleWidgetExtension.release.xcconfig */;
			buildSettings = {
				ASSETCATALOG_COMPILER_GLOBAL_ACCENT_COLOR_NAME = AccentColor;
				ASSETCATALOG_COMPILER_WIDGET_BACKGROUND_COLOR_NAME = WidgetBackground;
				CODE_SIGN_IDENTITY = "Apple Development";
				CODE_SIGN_STYLE = Automatic;
				CURRENT_PROJECT_VERSION = 1;
				DEVELOPMENT_TEAM = J3J28YJX9L;
				GENERATE_INFOPLIST_FILE = YES;
				INFOPLIST_FILE = ExampleWidget/Info.plist;
				INFOPLIST_KEY_CFBundleDisplayName = ExampleWidget;
				INFOPLIST_KEY_NSHumanReadableCopyright = "";
				LD_RUNPATH_SEARCH_PATHS = (
					"$(inherited)",
					"@executable_path/Frameworks",
					"@executable_path/../../Frameworks",
				);
				MARKETING_VERSION = 1.0;
				PRODUCT_BUNDLE_IDENTIFIER = com.onesignal.exampledotnet.ExampleWidget;
				PRODUCT_NAME = "$(TARGET_NAME)";
				PROVISIONING_PROFILE_SPECIFIER = "";
				SKIP_INSTALL = YES;
				SWIFT_EMIT_LOC_STRINGS = YES;
				SWIFT_VERSION = 5.0;
				TARGETED_DEVICE_FAMILY = "1,2";
			};
			name = Release;
		};
/* End XCBuildConfiguration section */

/* Begin XCConfigurationList section */
		47AEAF97293807AC00FC88C0 /* Build configuration list for PBXProject "example" */ = {
			isa = XCConfigurationList;
			buildConfigurations = (
				47AEAFA8293807AE00FC88C0 /* Debug */,
				47AEAFA9293807AE00FC88C0 /* Release */,
			);
			defaultConfigurationIsVisible = 0;
			defaultConfigurationName = Release;
		};
		47AEAFAA293807AE00FC88C0 /* Build configuration list for PBXNativeTarget "example" */ = {
			isa = XCConfigurationList;
			buildConfigurations = (
				47AEAFAB293807AE00FC88C0 /* Debug */,
				47AEAFAC293807AE00FC88C0 /* Release */,
			);
			defaultConfigurationIsVisible = 0;
			defaultConfigurationName = Release;
		};
		47AEAFC82938096D00FC88C0 /* Build configuration list for PBXNativeTarget "ExampleWidgetExtension" */ = {
			isa = XCConfigurationList;
			buildConfigurations = (
				47AEAFC92938096D00FC88C0 /* Debug */,
				47AEAFCA2938096D00FC88C0 /* Release */,
			);
			defaultConfigurationIsVisible = 0;
			defaultConfigurationName = Release;
		};
/* End XCConfigurationList section */
	};
	rootObject = 47AEAF94293807AC00FC88C0 /* Project object */;
}
